
Microsoft Visual Studio Solution File, Format Version 12.00
# Visual Studio Version 17
VisualStudioVersion = 17.9.34622.214
MinimumVisualStudioVersion = 10.0.40219.1
Project("{FAE04EC0-301F-11D3-BF4B-00C04F79EFBC}") = "GitTestLaba2", "GitTestLaba2\GitTestLaba2.csproj", "{8392DE3D-F667-40A8-8819-0EDA6B98A519}"
EndProject
Global
	GlobalSection(SolutionConfigurationPlatforms) = preSolution
		Debug|Any CPU = Debug|Any CPU
		Release|Any CPU = Release|Any CPU
	EndGlobalSection
	GlobalSection(ProjectConfigurationPlatforms) = postSolution
		{8392DE3D-F667-40A8-8819-0EDA6B98A519}.Debug|Any CPU.ActiveCfg = Debug|Any CPU
		{8392DE3D-F667-40A8-8819-0EDA6B98A519}.Debug|Any CPU.Build.0 = Debug|Any CPU
		{8392DE3D-F667-40A8-8819-0EDA6B98A519}.Release|Any CPU.ActiveCfg = Release|Any CPU
		{8392DE3D-F667-40A8-8819-0EDA6B98A519}.Release|Any CPU.Build.0 = Release|Any CPU
	EndGlobalSection
	GlobalSection(SolutionProperties) = preSolution
		HideSolutionNode = FALSE
	EndGlobalSection
	GlobalSection(ExtensibilityGlobals) = postSolution
		SolutionGuid = {AE180FE1-B9BE-427E-A50B-C3B5081C0133}
	EndGlobalSection
EndGlobal
